
Microsoft Visual Studio Solution File, Format Version 12.00
# Visual Studio Version 16
VisualStudioVersion = 16.0.31605.320
MinimumVisualStudioVersion = 10.0.40219.1
Project("{FAE04EC0-301F-11D3-BF4B-00C04F79EFBC}") = "ASP.NET-Core-useful-techniques", "ASP.NET-Core-useful-techniques.csproj", "{F1AB37EA-ADFD-4897-96EF-EB557A4AFF39}"
EndProject
Project("{FAE04EC0-301F-11D3-BF4B-00C04F79EFBC}") = "ASP.NET Core.Useful.Techniques.Models", "..\ASP.NET Core.Useful.Techniques.Models\ASP.NET Core.Useful.Techniques.Models.csproj", "{B8D3CD46-F5A5-4A4E-B182-CEFB57A31A4A}"
EndProject
Project("{FAE04EC0-301F-11D3-BF4B-00C04F79EFBC}") = "ASP.NET Core.Useful.Techniques.DataLayer", "..\ASP.NET Core.Useful.Techniques.DataLayer\ASP.NET Core.Useful.Techniques.DataLayer.csproj", "{CE5B3E85-0DAC-4F2F-8C2B-55F1D4DB3C51}"
EndProject
Project("{FAE04EC0-301F-11D3-BF4B-00C04F79EFBC}") = "ASP.NET.Core.Useful.Techniques.Common", "..\ASP.NET.Core.Useful.Techniques.Common\ASP.NET.Core.Useful.Techniques.Common.csproj", "{D2E06281-35EE-4CD3-BAA6-51C66324AC7F}"
EndProject
Project("{FAE04EC0-301F-11D3-BF4B-00C04F79EFBC}") = "ASP.NET.Core.Useful.Techniques.Services", "..\ASP.NET.Core.Useful.Techniques.Services\ASP.NET.Core.Useful.Techniques.Services.csproj", "{5B5E225D-1229-483C-B2EA-AF650C114DBA}"
EndProject
Global
	GlobalSection(SolutionConfigurationPlatforms) = preSolution
		Debug|Any CPU = Debug|Any CPU
		Release|Any CPU = Release|Any CPU
	EndGlobalSection
	GlobalSection(ProjectConfigurationPlatforms) = postSolution
		{F1AB37EA-ADFD-4897-96EF-EB557A4AFF39}.Debug|Any CPU.ActiveCfg = Debug|Any CPU
		{F1AB37EA-ADFD-4897-96EF-EB557A4AFF39}.Debug|Any CPU.Build.0 = Debug|Any CPU
		{F1AB37EA-ADFD-4897-96EF-EB557A4AFF39}.Release|Any CPU.ActiveCfg = Release|Any CPU
		{F1AB37EA-ADFD-4897-96EF-EB557A4AFF39}.Release|Any CPU.Build.0 = Release|Any CPU
		{B8D3CD46-F5A5-4A4E-B182-CEFB57A31A4A}.Debug|Any CPU.ActiveCfg = Debug|Any CPU
		{B8D3CD46-F5A5-4A4E-B182-CEFB57A31A4A}.Debug|Any CPU.Build.0 = Debug|Any CPU
		{B8D3CD46-F5A5-4A4E-B182-CEFB57A31A4A}.Release|Any CPU.ActiveCfg = Release|Any CPU
		{B8D3CD46-F5A5-4A4E-B182-CEFB57A31A4A}.Release|Any CPU.Build.0 = Release|Any CPU
		{CE5B3E85-0DAC-4F2F-8C2B-55F1D4DB3C51}.Debug|Any CPU.ActiveCfg = Debug|Any CPU
		{CE5B3E85-0DAC-4F2F-8C2B-55F1D4DB3C51}.Debug|Any CPU.Build.0 = Debug|Any CPU
		{CE5B3E85-0DAC-4F2F-8C2B-55F1D4DB3C51}.Release|Any CPU.ActiveCfg = Release|Any CPU
		{CE5B3E85-0DAC-4F2F-8C2B-55F1D4DB3C51}.Release|Any CPU.Build.0 = Release|Any CPU
		{D2E06281-35EE-4CD3-BAA6-51C66324AC7F}.Debug|Any CPU.ActiveCfg = Debug|Any CPU
		{D2E06281-35EE-4CD3-BAA6-51C66324AC7F}.Debug|Any CPU.Build.0 = Debug|Any CPU
		{D2E06281-35EE-4CD3-BAA6-51C66324AC7F}.Release|Any CPU.ActiveCfg = Release|Any CPU
		{D2E06281-35EE-4CD3-BAA6-51C66324AC7F}.Release|Any CPU.Build.0 = Release|Any CPU
		{5B5E225D-1229-483C-B2EA-AF650C114DBA}.Debug|Any CPU.ActiveCfg = Debug|Any CPU
		{5B5E225D-1229-483C-B2EA-AF650C114DBA}.Debug|Any CPU.Build.0 = Debug|Any CPU
		{5B5E225D-1229-483C-B2EA-AF650C114DBA}.Release|Any CPU.ActiveCfg = Release|Any CPU
		{5B5E225D-1229-483C-B2EA-AF650C114DBA}.Release|Any CPU.Build.0 = Release|Any CPU
	EndGlobalSection
	GlobalSection(SolutionProperties) = preSolution
		HideSolutionNode = FALSE
	EndGlobalSection
	GlobalSection(ExtensibilityGlobals) = postSolution
		SolutionGuid = {04C8E491-8010-484A-BE1D-8B18DF7217FC}
	EndGlobalSection
EndGlobal
